
Microsoft Visual Studio Solution File, Format Version 12.00
# Visual Studio Version 17
VisualStudioVersion = 17.2.32526.322
MinimumVisualStudioVersion = 10.0.40219.1
Project("{FAE04EC0-301F-11D3-BF4B-00C04F79EFBC}") = "WpfApp1", "WpfApp1\WpfApp1.csproj", "{F02C654B-0A9E-4B3A-B93F-2E7FB543F336}"
EndProject
Global
	GlobalSection(SolutionConfigurationPlatforms) = preSolution
		Debug|Any CPU = Debug|Any CPU
		Release|Any CPU = Release|Any CPU
	EndGlobalSection
	GlobalSection(ProjectConfigurationPlatforms) = postSolution
		{F02C654B-0A9E-4B3A-B93F-2E7FB543F336}.Debug|Any CPU.ActiveCfg = Debug|Any CPU
		{F02C654B-0A9E-4B3A-B93F-2E7FB543F336}.Debug|Any CPU.Build.0 = Debug|Any CPU
		{F02C654B-0A9E-4B3A-B93F-2E7FB543F336}.Release|Any CPU.ActiveCfg = Release|Any CPU
		{F02C654B-0A9E-4B3A-B93F-2E7FB543F336}.Release|Any CPU.Build.0 = Release|Any CPU
	EndGlobalSection
	GlobalSection(SolutionProperties) = preSolution
		HideSolutionNode = FALSE
	EndGlobalSection
	GlobalSection(ExtensibilityGlobals) = postSolution
		SolutionGuid = {43CBE315-6150-4AAE-84AF-26A4E9CF78AE}
	EndGlobalSection
EndGlobal
